<?xml version="1.0" encoding="utf-8"?>
<Project ToolsVersion="4.0" xmlns="http://schemas.microsoft.com/developer/msbuild/2003">
  <ItemGroup>
    <Filter Include="Source Files">
      <UniqueIdentifier>{4FC737F1-C7A5-4376-A066-2A32D752A2FF}</UniqueIdentifier>
      <Extensions>cpp;c;cc;cxx;c++;cppm;ixx;def;odl;idl;hpj;bat;asm;asmx</Extensions>
    </Filter>
    <Filter Include="Header Files">
      <UniqueIdentifier>{93995380-89BD-4b04-88EB-625FBE52EBFB}</UniqueIdentifier>
      <Extensions>h;hh;hpp;hxx;h++;hm;inl;inc;ipp;xsd</Extensions>
    </Filter>
    <Filter Include="Resource Files">
      <UniqueIdentifier>{67DA6AB6-F800-4c08-8B7A-83BB121AAD01}</UniqueIdentifier>
      <Extensions>rc;ico;cur;bmp;dlg;rc2;rct;bin;rgs;gif;jpg;jpeg;jpe;resx;tiff;tif;png;wav;mfcribbon-ms</Extensions>
    </Filter>
  </ItemGroup>
  <ItemGroup>
    <ClInclude Include="src\Core\win\types.h">
      <Filter>Header Files</Filter>
    </ClInclude>
    <ClInclude Include="src\Core\win\iFile.h">
      <Filter>Header Files</Filter>
    </ClInclude>
    <ClInclude Include="src\Core\x\xFile.h">
      <Filter>Header Files</Filter>
    </ClInclude>
    <ClInclude Include="src\Core\x\xDebug.h">
      <Filter>Header Files</Filter>
    </ClInclude>
    <ClInclude Include="src\Core\win\iMemMgr.h">
      <Filter>Header Files</Filter>
    </ClInclude>
    <ClInclude Include="src\Core\x\xMemMgr.h">
      <Filter>Header Files</Filter>
    </ClInclude>
    <ClInclude Include="src\Core\win\iSystem.h">
      <Filter>Header Files</Filter>
    </ClInclude>
    <ClInclude Include="src\Game\zMain.h">
      <Filter>Header Files</Filter>
    </ClInclude>
    <ClInclude Include="src\Core\x\xMath.h">
      <Filter>Header Files</Filter>
    </ClInclude>
    <ClInclude Include="src\Core\x\xDebugTweak.h">
      <Filter>Header Files</Filter>
    </ClInclude>
    <ClInclude Include="src\Core\x\xString.h">
      <Filter>Header Files</Filter>
    </ClInclude>
    <ClInclude Include="src\Core\x\xVec3.h">
      <Filter>Header Files</Filter>
    </ClInclude>
    <ClInclude Include="src\Core\win\iTime.h">
      <Filter>Header Files</Filter>
    </ClInclude>
    <ClInclude Include="src\Core\x\xShadow.h">
      <Filter>Header Files</Filter>
    </ClInclude>
    <ClInclude Include="src\Core\x\xFX.h">
      <Filter>Header Files</Filter>
    </ClInclude>
    <ClInclude Include="src\Core\x\xPad.h">
      <Filter>Header Files</Filter>
    </ClInclude>
    <ClInclude Include="src\Core\x\xSnd.h">
      <Filter>Header Files</Filter>
    </ClInclude>
    <ClInclude Include="src\Core\x\xMath3.h">
      <Filter>Header Files</Filter>
    </ClInclude>
    <ClInclude Include="src\Core\x\xMathInlines.h">
      <Filter>Header Files</Filter>
    </ClInclude>
    <ClInclude Include="src\Core\win\iMath.h">
      <Filter>Header Files</Filter>
    </ClInclude>
    <ClInclude Include="src\Core\x\xVec3Inlines.h">
      <Filter>Header Files</Filter>
    </ClInclude>
    <ClInclude Include="src\Core\win\iMath3.h">
      <Filter>Header Files</Filter>
    </ClInclude>
    <ClInclude Include="src\Core\x\xMath2.h">
      <Filter>Header Files</Filter>
    </ClInclude>
    <ClInclude Include="src\Core\x\iCamera.h">
      <Filter>Header Files</Filter>
    </ClInclude>
    <ClInclude Include="src\Core\win\iScrFX.h">
      <Filter>Header Files</Filter>
    </ClInclude>
    <ClInclude Include="src\Core\win\rwframesync.h">
      <Filter>Header Files</Filter>
    </ClInclude>
    <ClInclude Include="src\Core\x\xGlobals.h">
      <Filter>Header Files</Filter>
    </ClInclude>
    <ClInclude Include="src\Core\x\xCamera.h">
      <Filter>Header Files</Filter>
    </ClInclude>
    <ClInclude Include="src\Core\x\xBase.h">
      <Filter>Header Files</Filter>
    </ClInclude>
    <ClInclude Include="src\Core\x\xBound.h">
      <Filter>Header Files</Filter>
    </ClInclude>
    <ClInclude Include="src\Core\x\xQuickCull.h">
      <Filter>Header Files</Filter>
    </ClInclude>
    <ClInclude Include="src\Core\win\iPad.h">
      <Filter>Header Files</Filter>
    </ClInclude>
    <ClInclude Include="src\Core\x\xUpdateCull.h">
      <Filter>Header Files</Filter>
    </ClInclude>
    <ClInclude Include="src\Core\x\xGroup.h">
      <Filter>Header Files</Filter>
    </ClInclude>
    <ClInclude Include="src\Core\win\iFog.h">
      <Filter>Header Files</Filter>
    </ClInclude>
    <ClInclude Include="src\Game\zGlobals.h">
      <Filter>Header Files</Filter>
    </ClInclude>
    <ClInclude Include="src\Core\x\xEnt.h">
      <Filter>Header Files</Filter>
    </ClInclude>
    <ClInclude Include="src\Core\x\xModel.h">
      <Filter>Header Files</Filter>
    </ClInclude>
    <ClInclude Include="src\Core\x\xAnim.h">
      <Filter>Header Files</Filter>
    </ClInclude>
    <ClInclude Include="src\Core\x\xLightKit.h">
      <Filter>Header Files</Filter>
    </ClInclude>
    <ClInclude Include="src\Core\x\xCollide.h">
      <Filter>Header Files</Filter>
    </ClInclude>
    <ClInclude Include="src\Core\x\xGrid.h">
      <Filter>Header Files</Filter>
    </ClInclude>
    <ClInclude Include="src\Core\x\xShadowSimple.h">
      <Filter>Header Files</Filter>
    </ClInclude>
    <ClInclude Include="src\Game\zEnt.h">
      <Filter>Header Files</Filter>
    </ClInclude>
    <ClInclude Include="src\Game\zEntPlayer.h">
      <Filter>Header Files</Filter>
    </ClInclude>
    <ClInclude Include="src\Game\zLasso.h">
      <Filter>Header Files</Filter>
    </ClInclude>
    <ClInclude Include="src\Core\x\xEntDrive.h">
      <Filter>Header Files</Filter>
    </ClInclude>
    <ClInclude Include="src\Core\x\xScene.h">
      <Filter>Header Files</Filter>
    </ClInclude>
    <ClInclude Include="src\Core\x\xEnv.h">
      <Filter>Header Files</Filter>
    </ClInclude>
    <ClInclude Include="src\Core\win\iEnv.h">
      <Filter>Header Files</Filter>
    </ClInclude>
    <ClInclude Include="src\Core\x\xJSP.h">
      <Filter>Header Files</Filter>
    </ClInclude>
    <ClInclude Include="src\Core\x\xClumpColl.h">
      <Filter>Header Files</Filter>
    </ClInclude>
    <ClInclude Include="src\Game\zScene.h">
      <Filter>Header Files</Filter>
    </ClInclude>
    <ClInclude Include="src\Game\zPortal.h">
      <Filter>Header Files</Filter>
    </ClInclude>
    <ClInclude Include="src\Game\zEnv.h">
      <Filter>Header Files</Filter>
    </ClInclude>
    <ClInclude Include="src\Core\x\xstransvc.h">
      <Filter>Header Files</Filter>
    </ClInclude>
    <ClInclude Include="src\Game\zGrid.h">
      <Filter>Header Files</Filter>
    </ClInclude>
    <ClInclude Include="src\Core\x\xScrFx.h">
      <Filter>Header Files</Filter>
    </ClInclude>
    <ClInclude Include="src\Core\win\iDraw.h">
      <Filter>Header Files</Filter>
    </ClInclude>
    <ClInclude Include="src\Core\x\xutil.h">
      <Filter>Header Files</Filter>
    </ClInclude>
    <ClInclude Include="src\Core\x\xbinio.h">
      <Filter>Header Files</Filter>
    </ClInclude>
    <ClInclude Include="src\Core\x\xhipio.h">
      <Filter>Header Files</Filter>
    </ClInclude>
    <ClInclude Include="src\Core\x\xpkrsvc.h">
      <Filter>Header Files</Filter>
    </ClInclude>
    <ClInclude Include="src\Core\x\xordarray.h">
      <Filter>Header Files</Filter>
    </ClInclude>
    <ClInclude Include="src\Core\win\iTRC.h">
      <Filter>Header Files</Filter>
    </ClInclude>
    <ClInclude Include="src\Core\win\iColor.h">
      <Filter>Header Files</Filter>
    </ClInclude>
    <ClInclude Include="src\Core\x\xColor.h">
      <Filter>Header Files</Filter>
    </ClInclude>
    <ClInclude Include="src\Core\x\xFont.h">
      <Filter>Header Files</Filter>
    </ClInclude>
    <ClInclude Include="src\Core\x\xModelBucket.h">
      <Filter>Header Files</Filter>
    </ClInclude>
    <ClInclude Include="src\Game\zVar.h">
      <Filter>Header Files</Filter>
    </ClInclude>
    <ClInclude Include="src\Game\zAssetTypes.h">
      <Filter>Header Files</Filter>
    </ClInclude>
    <ClInclude Include="src\Core\x\xTextAsset.h">
      <Filter>Header Files</Filter>
    </ClInclude>
    <ClInclude Include="src\Core\x\xTimer.h">
      <Filter>Header Files</Filter>
    </ClInclude>
    <ClInclude Include="src\Game\zMenu.h">
      <Filter>Header Files</Filter>
    </ClInclude>
    <ClInclude Include="src\Core\x\xTRC.h">
      <Filter>Header Files</Filter>
    </ClInclude>
    <ClInclude Include="src\Game\zDispatcher.h">
      <Filter>Header Files</Filter>
    </ClInclude>
    <ClInclude Include="src\Core\x\xParMgr.h">
      <Filter>Header Files</Filter>
    </ClInclude>
    <ClInclude Include="src\Game\zParCmd.h">
      <Filter>Header Files</Filter>
    </ClInclude>
    <ClInclude Include="src\Game\zEntPickup.h">
      <Filter>Header Files</Filter>
    </ClInclude>
    <ClInclude Include="src\Game\zCameraTweak.h">
      <Filter>Header Files</Filter>
    </ClInclude>
    <ClInclude Include="src\Core\x\xsavegame.h">
      <Filter>Header Files</Filter>
    </ClInclude>
    <ClInclude Include="src\Game\zShrapnel.h">
      <Filter>Header Files</Filter>
    </ClInclude>
    <ClInclude Include="src\Core\x\xBehaveMgr.h">
      <Filter>Header Files</Filter>
    </ClInclude>
    <ClInclude Include="src\Game\zNPCMgr.h">
      <Filter>Header Files</Filter>
    </ClInclude>
    <ClInclude Include="src\Game\zPickupTable.h">
      <Filter>Header Files</Filter>
    </ClInclude>
    <ClInclude Include="src\Core\x\xserializer.h">
      <Filter>Header Files</Filter>
    </ClInclude>
    <ClInclude Include="src\Game\zCutsceneMgr.h">
      <Filter>Header Files</Filter>
    </ClInclude>
    <ClInclude Include="src\Game\zGameState.h">
      <Filter>Header Files</Filter>
    </ClInclude>
    <ClInclude Include="src\Game\zGame.h">
      <Filter>Header Files</Filter>
    </ClInclude>
    <ClInclude Include="src\Game\zCamera.h">
      <Filter>Header Files</Filter>
    </ClInclude>
    <ClInclude Include="src\Game\zMusic.h">
      <Filter>Header Files</Filter>
    </ClInclude>
    <ClInclude Include="src\Core\win\iModel.h">
      <Filter>Header Files</Filter>
    </ClInclude>
    <ClInclude Include="src\Core\win\iAnim.h">
      <Filter>Header Files</Filter>
    </ClInclude>
    <ClInclude Include="src\Core\x\xMorph.h">
      <Filter>Header Files</Filter>
    </ClInclude>
    <ClInclude Include="res\resource.h">
      <Filter>Header Files</Filter>
    </ClInclude>
    <ClInclude Include="src\Core\win\iAnimSKB.h">
      <Filter>Header Files</Filter>
    </ClInclude>
    <ClInclude Include="src\Core\x\xCollideFast.h">
      <Filter>Header Files</Filter>
    </ClInclude>
    <ClInclude Include="src\Core\x\xDraw.h">
      <Filter>Header Files</Filter>
    </ClInclude>
    <ClInclude Include="src\Game\zBase.h">
      <Filter>Header Files</Filter>
    </ClInclude>
    <ClInclude Include="src\Game\zPlatform.h">
      <Filter>Header Files</Filter>
    </ClInclude>
    <ClInclude Include="src\Core\x\xEvent.h">
      <Filter>Header Files</Filter>
    </ClInclude>
    <ClInclude Include="src\Game\zEntDestructObj.h">
      <Filter>Header Files</Filter>
    </ClInclude>
    <ClInclude Include="src\Game\zParEmitter.h">
      <Filter>Header Files</Filter>
    </ClInclude>
    <ClInclude Include="src\Core\x\xSFXAsset.h">
      <Filter>Header Files</Filter>
    </ClInclude>
    <ClInclude Include="src\Core\x\xSurface.h">
      <Filter>Header Files</Filter>
    </ClInclude>
    <ClInclude Include="src\Game\zCollGeom.h">
      <Filter>Header Files</Filter>
    </ClInclude>
    <ClInclude Include="src\Core\win\iCollide.h">
      <Filter>Header Files</Filter>
    </ClInclude>
    <ClInclude Include="src\Game\zSurface.h">
      <Filter>Header Files</Filter>
    </ClInclude>
    <ClInclude Include="src\Game\zLight.h">
      <Filter>Header Files</Filter>
    </ClInclude>
    <ClInclude Include="src\Core\x\xFFX.h">
      <Filter>Header Files</Filter>
    </ClInclude>
    <ClInclude Include="src\Core\win\iCollideFast.h">
      <Filter>Header Files</Filter>
    </ClInclude>
    <ClInclude Include="src\Core\win\iDebug.h">
      <Filter>Header Files</Filter>
    </ClInclude>
    <ClInclude Include="src\Core\x\xTimestamp.h">
      <Filter>Header Files</Filter>
    </ClInclude>
    <ClInclude Include="src\Core\x\xOutputMgr.h">
      <Filter>Header Files</Filter>
    </ClInclude>
    <ClInclude Include="src\Core\win\rpcollbsptree.h">
      <Filter>Header Files</Filter>
    </ClInclude>
    <ClInclude Include="src\Core\x\xDynAsset.h">
      <Filter>Header Files</Filter>
    </ClInclude>
    <ClInclude Include="src\Game\zCamMarker.h">
      <Filter>Header Files</Filter>
    </ClInclude>
    <ClInclude Include="src\Game\zCameraFly.h">
      <Filter>Header Files</Filter>
    </ClInclude>
    <ClInclude Include="src\Core\x\xCutscene.h">
      <Filter>Header Files</Filter>
    </ClInclude>
    <ClInclude Include="src\Core\x\xCutsceneMgr.h">
      <Filter>Header Files</Filter>
    </ClInclude>
    <ClInclude Include="src\Game\zEvent.h">
      <Filter>Header Files</Filter>
    </ClInclude>
    <ClInclude Include="src\Core\x\xModelAsset.h">
      <Filter>Header Files</Filter>
    </ClInclude>
    <ClInclude Include="src\Game\zAnimList.h">
      <Filter>Header Files</Filter>
    </ClInclude>
    <ClInclude Include="src\Core\x\xRMemData.h">
      <Filter>Header Files</Filter>
    </ClInclude>
    <ClInclude Include="src\Core\x\xFactory.h">
      <Filter>Header Files</Filter>
    </ClInclude>
    <ClInclude Include="src\Core\x\xNPCBasic.h">
      <Filter>Header Files</Filter>
    </ClInclude>
    <ClInclude Include="src\Game\zNPCTypeCommon.h">
      <Filter>Header Files</Filter>
    </ClInclude>
    <ClInclude Include="src\Core\x\xListItem.h">
      <Filter>Header Files</Filter>
    </ClInclude>
    <ClInclude Include="src\Game\zNPCConfig.h">
      <Filter>Header Files</Filter>
    </ClInclude>
    <ClInclude Include="src\Game\zNPCSndTable.h">
      <Filter>Header Files</Filter>
    </ClInclude>
    <ClInclude Include="src\Core\x\xMovePoint.h">
      <Filter>Header Files</Filter>
    </ClInclude>
    <ClInclude Include="src\Core\x\xSpline.h">
      <Filter>Header Files</Filter>
    </ClInclude>
    <ClInclude Include="src\Game\zMovePoint.h">
      <Filter>Header Files</Filter>
    </ClInclude>
    <ClInclude Include="src\Core\x\xBehaviour.h">
      <Filter>Header Files</Filter>
    </ClInclude>
    <ClInclude Include="src\Game\zNPCMessenger.h">
      <Filter>Header Files</Filter>
    </ClInclude>
    <ClInclude Include="src\Game\zNPCSpawner.h">
      <Filter>Header Files</Filter>
    </ClInclude>
    <ClInclude Include="src\Game\zNPCLasso.h">
      <Filter>Header Files</Filter>
    </ClInclude>
    <ClInclude Include="src\Game\zNPCCarry.h">
      <Filter>Header Files</Filter>
    </ClInclude>
    <ClInclude Include="src\Game\zNPCDamage.h">
      <Filter>Header Files</Filter>
    </ClInclude>
    <ClInclude Include="src\Game\zNPCGoalCommon.h">
      <Filter>Header Files</Filter>
    </ClInclude>
    <ClInclude Include="src\Core\win\iLight.h">
      <Filter>Header Files</Filter>
    </ClInclude>
    <ClInclude Include="src\Core\x\xClimate.h">
      <Filter>Header Files</Filter>
    </ClInclude>
    <ClInclude Include="src\Game\zNPCTypeTest.h">
      <Filter>Header Files</Filter>
    </ClInclude>
    <ClInclude Include="src\Game\zNPCTypeDutchman.h">
      <Filter>Header Files</Filter>
    </ClInclude>
    <ClInclude Include="src\Game\zNPCTypeDuplotron.h">
      <Filter>Header Files</Filter>
    </ClInclude>
    <ClInclude Include="src\Game\zNPCTypeBossPlankton.h">
      <Filter>Header Files</Filter>
    </ClInclude>
    <ClInclude Include="src\Game\zNPCTypeBossSandy.h">
      <Filter>Header Files</Filter>
    </ClInclude>
    <ClInclude Include="src\Game\zNPCTypeRobot.h">
      <Filter>Header Files</Filter>
    </ClInclude>
    <ClInclude Include="src\Game\zNPCTypeKingJelly.h">
      <Filter>Header Files</Filter>
    </ClInclude>
    <ClInclude Include="src\Game\zNPCTypeVillager.h">
      <Filter>Header Files</Filter>
    </ClInclude>
    <ClInclude Include="src\Game\zNPCTypePrawn.h">
      <Filter>Header Files</Filter>
    </ClInclude>
    <ClInclude Include="src\Game\zNPCTypeAmbient.h">
      <Filter>Header Files</Filter>
    </ClInclude>
    <ClInclude Include="src\Game\zNPCTypeBossSB1.h">
      <Filter>Header Files</Filter>
    </ClInclude>
    <ClInclude Include="src\Game\zNPCTypeBoss.h">
      <Filter>Header Files</Filter>
    </ClInclude>
    <ClInclude Include="src\Game\zNPCTypeBossSB2.h">
      <Filter>Header Files</Filter>
    </ClInclude>
    <ClInclude Include="src\Game\zNPCTypeTiki.h">
      <Filter>Header Files</Filter>
    </ClInclude>
    <ClInclude Include="src\Game\zNPCTypeBossPatrick.h">
      <Filter>Header Files</Filter>
    </ClInclude>
    <ClInclude Include="src\Game\zEntPlayerAnimationTables.h">
      <Filter>Header Files</Filter>
    </ClInclude>
    <ClInclude Include="src\Game\zNPCHazard.h">
      <Filter>Header Files</Filter>
    </ClInclude>
    <ClInclude Include="src\Core\x\xHudModel.h">
      <Filter>Header Files</Filter>
    </ClInclude>
    <ClInclude Include="src\Game\zEntCruiseBubble.h">
      <Filter>Header Files</Filter>
    </ClInclude>
    <ClInclude Include="src\Core\x\xAnimAsset.h">
      <Filter>Header Files</Filter>
    </ClInclude>
    <ClInclude Include="src\Core\x\xLinkAsset.h">
      <Filter>Header Files</Filter>
    </ClInclude>
    <ClInclude Include="src\Core\x\xBaseAsset.h">
      <Filter>Header Files</Filter>
    </ClInclude>
    <ClInclude Include="src\Core\x\xEntAsset.h">
      <Filter>Header Files</Filter>
    </ClInclude>
    <ClInclude Include="src\Core\x\xGroupAsset.h">
      <Filter>Header Files</Filter>
    </ClInclude>
    <ClInclude Include="src\Core\x\xTimerAsset.h">
      <Filter>Header Files</Filter>
    </ClInclude>
    <ClInclude Include="src\Game\zCameraTweakAsset.h">
      <Filter>Header Files</Filter>
    </ClInclude>
    <ClInclude Include="src\Core\x\xCamAsset.h">
      <Filter>Header Files</Filter>
    </ClInclude>
    <ClInclude Include="src\Core\x\xCutsceneMgrAsset.h">
      <Filter>Header Files</Filter>
    </ClInclude>
    <ClInclude Include="src\Game\zEntDestructObjAsset.h">
      <Filter>Header Files</Filter>
    </ClInclude>
    <ClInclude Include="src\Core\x\xEnvAsset.h">
      <Filter>Header Files</Filter>
    </ClInclude>
    <ClInclude Include="src\Core\x\xMovePointAsset.h">
      <Filter>Header Files</Filter>
    </ClInclude>
    <ClInclude Include="src\Core\x\xPortalAsset.h">
      <Filter>Header Files</Filter>
    </ClInclude>
    <ClInclude Include="src\Game\zSurfAsset.h">
      <Filter>Header Files</Filter>
    </ClInclude>
    <ClInclude Include="src\Core\x\xCounterAsset.h">
      <Filter>Header Files</Filter>
    </ClInclude>
    <ClInclude Include="src\Core\x\xCounter.h">
      <Filter>Header Files</Filter>
    </ClInclude>
    <ClInclude Include="src\Game\zTalkBox.h">
      <Filter>Header Files</Filter>
    </ClInclude>
    <ClInclude Include="src\Core\x\xEntMotionAsset.h">
      <Filter>Header Files</Filter>
    </ClInclude>
    <ClInclude Include="src\Core\x\xEntMotion.h">
      <Filter>Header Files</Filter>
    </ClInclude>
    <ClInclude Include="src\Game\zNPCSupplement.h">
      <Filter>Header Files</Filter>
    </ClInclude>
    <ClInclude Include="src\Core\x\xFog.h">
      <Filter>Header Files</Filter>
    </ClInclude>
    <ClInclude Include="src\Core\x\xFogAsset.h">
      <Filter>Header Files</Filter>
    </ClInclude>
  </ItemGroup>
  <ItemGroup>
    <ClCompile Include="src\Core\win\iFile.cpp">
      <Filter>Source Files</Filter>
    </ClCompile>
    <ClCompile Include="src\Game\zMain.cpp">
      <Filter>Source Files</Filter>
    </ClCompile>
    <ClCompile Include="src\Core\x\xMemMgr.cpp">
      <Filter>Source Files</Filter>
    </ClCompile>
    <ClCompile Include="src\Core\win\iMemMgr.cpp">
      <Filter>Source Files</Filter>
    </ClCompile>
    <ClCompile Include="src\Core\win\iSystem.cpp">
      <Filter>Source Files</Filter>
    </ClCompile>
    <ClCompile Include="src\Core\x\xDebug.cpp">
      <Filter>Source Files</Filter>
    </ClCompile>
    <ClCompile Include="src\Core\win\iTime.cpp">
      <Filter>Source Files</Filter>
    </ClCompile>
    <ClCompile Include="src\Core\x\xShadow.cpp">
      <Filter>Source Files</Filter>
    </ClCompile>
    <ClCompile Include="src\Core\x\xFX.cpp">
      <Filter>Source Files</Filter>
    </ClCompile>
    <ClCompile Include="src\Core\x\xPad.cpp">
      <Filter>Source Files</Filter>
    </ClCompile>
    <ClCompile Include="src\Core\x\xSnd.cpp">
      <Filter>Source Files</Filter>
    </ClCompile>
    <ClCompile Include="src\Core\x\xMath.cpp">
      <Filter>Source Files</Filter>
    </ClCompile>
    <ClCompile Include="src\Core\x\xMath3.cpp">
      <Filter>Source Files</Filter>
    </ClCompile>
    <ClCompile Include="src\Core\win\iMath.cpp">
      <Filter>Source Files</Filter>
    </ClCompile>
    <ClCompile Include="src\Core\x\xVec3.cpp">
      <Filter>Source Files</Filter>
    </ClCompile>
    <ClCompile Include="src\Core\win\iMath3.cpp">
      <Filter>Source Files</Filter>
    </ClCompile>
    <ClCompile Include="src\Core\x\xMath2.cpp">
      <Filter>Source Files</Filter>
    </ClCompile>
    <ClCompile Include="src\Core\x\xString.cpp">
      <Filter>Source Files</Filter>
    </ClCompile>
    <ClCompile Include="src\Core\x\iCamera.cpp">
      <Filter>Source Files</Filter>
    </ClCompile>
    <ClCompile Include="src\Core\win\iScrFX.cpp">
      <Filter>Source Files</Filter>
    </ClCompile>
    <ClCompile Include="src\Core\x\xEnt.cpp">
      <Filter>Source Files</Filter>
    </ClCompile>
    <ClCompile Include="src\Core\x\xCamera.cpp">
      <Filter>Source Files</Filter>
    </ClCompile>
    <ClCompile Include="src\Core\x\xstransvc.cpp">
      <Filter>Source Files</Filter>
    </ClCompile>
    <ClCompile Include="src\Core\x\xCollide.cpp">
      <Filter>Source Files</Filter>
    </ClCompile>
    <ClCompile Include="src\Core\x\xScene.cpp">
      <Filter>Source Files</Filter>
    </ClCompile>
    <ClCompile Include="src\Game\zGrid.cpp">
      <Filter>Source Files</Filter>
    </ClCompile>
    <ClCompile Include="src\Core\x\xScrFx.cpp">
      <Filter>Source Files</Filter>
    </ClCompile>
    <ClCompile Include="src\Core\win\iDraw.cpp">
      <Filter>Source Files</Filter>
    </ClCompile>
    <ClCompile Include="src\Core\x\xutil.cpp">
      <Filter>Source Files</Filter>
    </ClCompile>
    <ClCompile Include="src\Core\x\xbinio.cpp">
      <Filter>Source Files</Filter>
    </ClCompile>
    <ClCompile Include="src\Core\x\xhipio.cpp">
      <Filter>Source Files</Filter>
    </ClCompile>
    <ClCompile Include="src\Core\x\xordarray.cpp">
      <Filter>Source Files</Filter>
    </ClCompile>
    <ClCompile Include="src\Core\x\xpkrsvc.cpp">
      <Filter>Source Files</Filter>
    </ClCompile>
    <ClCompile Include="src\Core\win\iTRC.cpp">
      <Filter>Source Files</Filter>
    </ClCompile>
    <ClCompile Include="src\Core\x\xColor.cpp">
      <Filter>Source Files</Filter>
    </ClCompile>
    <ClCompile Include="src\Core\x\xFont.cpp">
      <Filter>Source Files</Filter>
    </ClCompile>
    <ClCompile Include="src\Core\x\xModelBucket.cpp">
      <Filter>Source Files</Filter>
    </ClCompile>
    <ClCompile Include="src\Core\x\xModel.cpp">
      <Filter>Source Files</Filter>
    </ClCompile>
    <ClCompile Include="src\Game\zScene.cpp">
      <Filter>Source Files</Filter>
    </ClCompile>
    <ClCompile Include="src\Game\zVar.cpp">
      <Filter>Source Files</Filter>
    </ClCompile>
    <ClCompile Include="src\Game\zAssetTypes.cpp">
      <Filter>Source Files</Filter>
    </ClCompile>
    <ClCompile Include="src\Game\zMenu.cpp">
      <Filter>Source Files</Filter>
    </ClCompile>
    <ClCompile Include="src\Core\x\xTRC.cpp">
      <Filter>Source Files</Filter>
    </ClCompile>
    <ClCompile Include="src\Game\zDispatcher.cpp">
      <Filter>Source Files</Filter>
    </ClCompile>
    <ClCompile Include="src\Core\x\xParMgr.cpp">
      <Filter>Source Files</Filter>
    </ClCompile>
    <ClCompile Include="src\Game\zParCmd.cpp">
      <Filter>Source Files</Filter>
    </ClCompile>
    <ClCompile Include="src\Game\zEntPickup.cpp">
      <Filter>Source Files</Filter>
    </ClCompile>
    <ClCompile Include="src\Game\zCameraTweak.cpp">
      <Filter>Source Files</Filter>
    </ClCompile>
    <ClCompile Include="src\Core\x\xsavegame.cpp">
      <Filter>Source Files</Filter>
    </ClCompile>
    <ClCompile Include="src\Game\zShrapnel.cpp">
      <Filter>Source Files</Filter>
    </ClCompile>
    <ClCompile Include="src\Core\x\xBehaveMgr.cpp">
      <Filter>Source Files</Filter>
    </ClCompile>
    <ClCompile Include="src\Game\zNPCMgr.cpp">
      <Filter>Source Files</Filter>
    </ClCompile>
    <ClCompile Include="src\Core\x\xShadowSimple.cpp">
      <Filter>Source Files</Filter>
    </ClCompile>
    <ClCompile Include="src\Game\zPickupTable.cpp">
      <Filter>Source Files</Filter>
    </ClCompile>
    <ClCompile Include="src\Core\x\xserializer.cpp">
      <Filter>Source Files</Filter>
    </ClCompile>
    <ClCompile Include="src\Game\zCutsceneMgr.cpp">
      <Filter>Source Files</Filter>
    </ClCompile>
    <ClCompile Include="src\Game\zGameState.cpp">
      <Filter>Source Files</Filter>
    </ClCompile>
    <ClCompile Include="src\Game\zGame.cpp">
      <Filter>Source Files</Filter>
    </ClCompile>
    <ClCompile Include="src\Game\zCamera.cpp">
      <Filter>Source Files</Filter>
    </ClCompile>
    <ClCompile Include="src\Game\zMusic.cpp">
      <Filter>Source Files</Filter>
    </ClCompile>
    <ClCompile Include="src\Core\win\iModel.cpp">
      <Filter>Source Files</Filter>
    </ClCompile>
    <ClCompile Include="src\Core\win\iAnim.cpp">
      <Filter>Source Files</Filter>
    </ClCompile>
    <ClCompile Include="src\Core\x\xAnim.cpp">
      <Filter>Source Files</Filter>
    </ClCompile>
    <ClCompile Include="src\Core\x\xMorph.cpp">
      <Filter>Source Files</Filter>
    </ClCompile>
    <ClCompile Include="src\Core\win\iAnimSKB.cpp">
      <Filter>Source Files</Filter>
    </ClCompile>
    <ClCompile Include="src\Core\x\xLightKit.cpp">
      <Filter>Source Files</Filter>
    </ClCompile>
    <ClCompile Include="src\Core\x\xQuickCull.cpp">
      <Filter>Source Files</Filter>
    </ClCompile>
    <ClCompile Include="src\Core\x\xCollideFast.cpp">
      <Filter>Source Files</Filter>
    </ClCompile>
    <ClCompile Include="src\Core\x\xBase.cpp">
      <Filter>Source Files</Filter>
    </ClCompile>
    <ClCompile Include="src\Core\x\xBound.cpp">
      <Filter>Source Files</Filter>
    </ClCompile>
    <ClCompile Include="src\Core\x\xGrid.cpp">
      <Filter>Source Files</Filter>
    </ClCompile>
    <ClCompile Include="src\Game\zCollGeom.cpp">
      <Filter>Source Files</Filter>
    </ClCompile>
    <ClCompile Include="src\Core\win\iCollide.cpp">
      <Filter>Source Files</Filter>
    </ClCompile>
    <ClCompile Include="src\Core\x\xGroup.cpp">
      <Filter>Source Files</Filter>
    </ClCompile>
    <ClCompile Include="src\Game\zLight.cpp">
      <Filter>Source Files</Filter>
    </ClCompile>
    <ClCompile Include="src\Core\x\xFFX.cpp">
      <Filter>Source Files</Filter>
    </ClCompile>
    <ClCompile Include="src\Core\win\iCollideFast.cpp">
      <Filter>Source Files</Filter>
    </ClCompile>
    <ClCompile Include="src\Core\win\iDebug.cpp">
      <Filter>Source Files</Filter>
    </ClCompile>
    <ClCompile Include="src\Core\x\xTimestamp.cpp">
      <Filter>Source Files</Filter>
    </ClCompile>
    <ClCompile Include="src\Core\x\xDebugTweak.cpp">
      <Filter>Source Files</Filter>
    </ClCompile>
    <ClCompile Include="src\Core\x\xOutputMgr.cpp">
      <Filter>Source Files</Filter>
    </ClCompile>
    <ClCompile Include="src\Core\x\xClumpColl.cpp">
      <Filter>Source Files</Filter>
    </ClCompile>
    <ClCompile Include="src\Game\zSurface.cpp">
      <Filter>Source Files</Filter>
    </ClCompile>
    <ClCompile Include="src\Core\x\xEnv.cpp">
      <Filter>Source Files</Filter>
    </ClCompile>
    <ClCompile Include="src\Core\win\iEnv.cpp">
      <Filter>Source Files</Filter>
    </ClCompile>
    <ClCompile Include="src\Core\x\xJSP.cpp">
      <Filter>Source Files</Filter>
    </ClCompile>
    <ClCompile Include="src\Game\zEntPlayer.cpp">
      <Filter>Source Files</Filter>
    </ClCompile>
    <ClCompile Include="src\Core\x\xCutscene.cpp">
      <Filter>Source Files</Filter>
    </ClCompile>
    <ClCompile Include="src\Game\zCameraFly.cpp">
      <Filter>Source Files</Filter>
    </ClCompile>
    <ClCompile Include="src\Core\x\xEvent.cpp">
      <Filter>Source Files</Filter>
    </ClCompile>
    <ClCompile Include="src\Game\zEvent.cpp">
      <Filter>Source Files</Filter>
    </ClCompile>
    <ClCompile Include="src\Game\zEnt.cpp">
      <Filter>Source Files</Filter>
    </ClCompile>
    <ClCompile Include="src\Game\zAnimList.cpp">
      <Filter>Source Files</Filter>
    </ClCompile>
    <ClCompile Include="src\Core\x\xNPCBasic.cpp">
      <Filter>Source Files</Filter>
    </ClCompile>
    <ClCompile Include="src\Game\zNPCTypeCommon.cpp">
      <Filter>Source Files</Filter>
    </ClCompile>
    <ClCompile Include="src\Game\zEnv.cpp">
      <Filter>Source Files</Filter>
    </ClCompile>
    <ClCompile Include="src\Core\win\iLight.cpp">
      <Filter>Source Files</Filter>
    </ClCompile>
    <ClCompile Include="src\Core\x\xClimate.cpp">
      <Filter>Source Files</Filter>
    </ClCompile>
    <ClCompile Include="src\Game\zNPCTypeTest.cpp">
      <Filter>Source Files</Filter>
    </ClCompile>
    <ClCompile Include="src\Game\zNPCTypeDutchman.cpp">
      <Filter>Source Files</Filter>
    </ClCompile>
    <ClCompile Include="src\Game\zNPCTypeDuplotron.cpp">
      <Filter>Source Files</Filter>
    </ClCompile>
    <ClCompile Include="src\Game\zNPCTypeBossPlankton.cpp">
      <Filter>Source Files</Filter>
    </ClCompile>
    <ClCompile Include="src\Game\zNPCTypeBossSandy.cpp">
      <Filter>Source Files</Filter>
    </ClCompile>
    <ClCompile Include="src\Game\zNPCTypeRobot.cpp">
      <Filter>Source Files</Filter>
    </ClCompile>
    <ClCompile Include="src\Game\zNPCTypeKingJelly.cpp">
      <Filter>Source Files</Filter>
    </ClCompile>
    <ClCompile Include="src\Game\zNPCTypeVillager.cpp">
      <Filter>Source Files</Filter>
    </ClCompile>
    <ClCompile Include="src\Game\zNPCTypePrawn.cpp">
      <Filter>Source Files</Filter>
    </ClCompile>
    <ClCompile Include="src\Game\zNPCTypeAmbient.cpp">
      <Filter>Source Files</Filter>
    </ClCompile>
    <ClCompile Include="src\Game\zNPCTypeBossSB1.cpp">
      <Filter>Source Files</Filter>
    </ClCompile>
    <ClCompile Include="src\Game\zNPCTypeBoss.cpp">
      <Filter>Source Files</Filter>
    </ClCompile>
    <ClCompile Include="src\Game\zNPCTypeBossSB2.cpp">
      <Filter>Source Files</Filter>
    </ClCompile>
    <ClCompile Include="src\Game\zNPCTypeTiki.cpp">
      <Filter>Source Files</Filter>
    </ClCompile>
    <ClCompile Include="src\Game\zNPCTypeBossPatrick.cpp">
      <Filter>Source Files</Filter>
    </ClCompile>
    <ClCompile Include="src\Game\zNPCHazard.cpp">
      <Filter>Source Files</Filter>
    </ClCompile>
    <ClCompile Include="src\Core\x\xHudModel.cpp">
      <Filter>Source Files</Filter>
    </ClCompile>
    <ClCompile Include="src\Game\zEntCruiseBubble.cpp">
      <Filter>Source Files</Filter>
    </ClCompile>
    <ClCompile Include="src\Core\x\xCounter.cpp">
      <Filter>Source Files</Filter>
    </ClCompile>
    <ClCompile Include="src\Core\x\xTimer.cpp">
      <Filter>Source Files</Filter>
    </ClCompile>
    <ClCompile Include="src\Game\zTalkBox.cpp">
      <Filter>Source Files</Filter>
    </ClCompile>
    <ClCompile Include="src\Core\x\xEntDrive.cpp">
      <Filter>Source Files</Filter>
    </ClCompile>
    <ClCompile Include="src\Core\x\xEntMotion.cpp">
      <Filter>Source Files</Filter>
    </ClCompile>
    <ClCompile Include="src\Core\x\xMovePoint.cpp">
      <Filter>Source Files</Filter>
    </ClCompile>
    <ClCompile Include="src\Core\x\xSpline.cpp">
      <Filter>Source Files</Filter>
    </ClCompile>
    <ClCompile Include="src\Game\zMovePoint.cpp">
      <Filter>Source Files</Filter>
    </ClCompile>
    <ClCompile Include="src\Game\zNPCSupplement.cpp">
      <Filter>Source Files</Filter>
    </ClCompile>
    <ClCompile Include="src\Core\x\xFog.cpp">
      <Filter>Source Files</Filter>
    </ClCompile>
  </ItemGroup>
  <ItemGroup>
    <ResourceCompile Include="res\bfbbpc.rc">
      <Filter>Resource Files</Filter>
    </ResourceCompile>
  </ItemGroup>
  <ItemGroup>
    <Image Include="res\bfbb.ico">
      <Filter>Resource Files</Filter>
    </Image>
  </ItemGroup>
  <ItemGroup>
    <Text Include="TODO.txt" />
    <Text Include="requirements.txt" />
  </ItemGroup>
</Project>